// !$*UTF8*$!
{
	archiveVersion = 1;
	classes = {
	};
	objectVersion = 50;
	objects = {

/* Begin PBXBuildFile section */
		87F48B572639EFC300F2F394 /* AppDelegate.swift in Sources */ = {isa = PBXBuildFile; fileRef = 87F48B562639EFC300F2F394 /* AppDelegate.swift */; };
		87F48B592639EFC300F2F394 /* ViewController.swift in Sources */ = {isa = PBXBuildFile; fileRef = 87F48B582639EFC300F2F394 /* ViewController.swift */; };
		87F48B5B2639EFC600F2F394 /* Assets.xcassets in Resources */ = {isa = PBXBuildFile; fileRef = 87F48B5A2639EFC600F2F394 /* Assets.xcassets */; };
		87F48B5E2639EFC600F2F394 /* Main.storyboard in Resources */ = {isa = PBXBuildFile; fileRef = 87F48B5C2639EFC600F2F394 /* Main.storyboard */; };
		87F48B6A2639EFC600F2F394 /* TestDangerTests.swift in Sources */ = {isa = PBXBuildFile; fileRef = 87F48B692639EFC600F2F394 /* TestDangerTests.swift */; };
		87F48B752639EFC600F2F394 /* TestDangerUITests.swift in Sources */ = {isa = PBXBuildFile; fileRef = 87F48B742639EFC600F2F394 /* TestDangerUITests.swift */; };
/* End PBXBuildFile section */

/* Begin PBXContainerItemProxy section */
		87F48B662639EFC600F2F394 /* PBXContainerItemProxy */ = {
			isa = PBXContainerItemProxy;
			containerPortal = 87F48B4B2639EFC300F2F394 /* Project object */;
			proxyType = 1;
			remoteGlobalIDString = 87F48B522639EFC300F2F394;
			remoteInfo = TestDanger;
		};
		87F48B712639EFC600F2F394 /* PBXContainerItemProxy */ = {
			isa = PBXContainerItemProxy;
			containerPortal = 87F48B4B2639EFC300F2F394 /* Project object */;
			proxyType = 1;
			remoteGlobalIDString = 87F48B522639EFC300F2F394;
			remoteInfo = TestDanger;
		};
/* End PBXContainerItemProxy section */

/* Begin PBXFileReference section */
		87F48B532639EFC300F2F394 /* TestDanger.app */ = {isa = PBXFileReference; explicitFileType = wrapper.application; includeInIndex = 0; path = TestDanger.app; sourceTree = BUILT_PRODUCTS_DIR; };
		87F48B562639EFC300F2F394 /* AppDelegate.swift */ = {isa = PBXFileReference; lastKnownFileType = sourcecode.swift; path = AppDelegate.swift; sourceTree = "<group>"; };
		87F48B582639EFC300F2F394 /* ViewController.swift */ = {isa = PBXFileReference; lastKnownFileType = sourcecode.swift; path = ViewController.swift; sourceTree = "<group>"; };
		87F48B5A2639EFC600F2F394 /* Assets.xcassets */ = {isa = PBXFileReference; lastKnownFileType = folder.assetcatalog; path = Assets.xcassets; sourceTree = "<group>"; };
		87F48B5D2639EFC600F2F394 /* Base */ = {isa = PBXFileReference; lastKnownFileType = file.storyboard; name = Base; path = Base.lproj/Main.storyboard; sourceTree = "<group>"; };
		87F48B5F2639EFC600F2F394 /* Info.plist */ = {isa = PBXFileReference; lastKnownFileType = text.plist.xml; path = Info.plist; sourceTree = "<group>"; };
		87F48B602639EFC600F2F394 /* TestDanger.entitlements */ = {isa = PBXFileReference; lastKnownFileType = text.plist.entitlements; path = TestDanger.entitlements; sourceTree = "<group>"; };
		87F48B652639EFC600F2F394 /* TestDangerTests.xctest */ = {isa = PBXFileReference; explicitFileType = wrapper.cfbundle; includeInIndex = 0; path = TestDangerTests.xctest; sourceTree = BUILT_PRODUCTS_DIR; };
		87F48B692639EFC600F2F394 /* TestDangerTests.swift */ = {isa = PBXFileReference; lastKnownFileType = sourcecode.swift; path = TestDangerTests.swift; sourceTree = "<group>"; };
		87F48B6B2639EFC600F2F394 /* Info.plist */ = {isa = PBXFileReference; lastKnownFileType = text.plist.xml; path = Info.plist; sourceTree = "<group>"; };
		87F48B702639EFC600F2F394 /* TestDangerUITests.xctest */ = {isa = PBXFileReference; explicitFileType = wrapper.cfbundle; includeInIndex = 0; path = TestDangerUITests.xctest; sourceTree = BUILT_PRODUCTS_DIR; };
		87F48B742639EFC600F2F394 /* TestDangerUITests.swift */ = {isa = PBXFileReference; lastKnownFileType = sourcecode.swift; path = TestDangerUITests.swift; sourceTree = "<group>"; };
		87F48B762639EFC600F2F394 /* Info.plist */ = {isa = PBXFileReference; lastKnownFileType = text.plist.xml; path = Info.plist; sourceTree = "<group>"; };
/* End PBXFileReference section */

/* Begin PBXFrameworksBuildPhase section */
		87F48B502639EFC300F2F394 /* Frameworks */ = {
			isa = PBXFrameworksBuildPhase;
			buildActionMask = 2147483647;
			files = (
			);
			runOnlyForDeploymentPostprocessing = 0;
		};
		87F48B622639EFC600F2F394 /* Frameworks */ = {
			isa = PBXFrameworksBuildPhase;
			buildActionMask = 2147483647;
			files = (
			);
			runOnlyForDeploymentPostprocessing = 0;
		};
		87F48B6D2639EFC600F2F394 /* Frameworks */ = {
			isa = PBXFrameworksBuildPhase;
			buildActionMask = 2147483647;
			files = (
			);
			runOnlyForDeploymentPostprocessing = 0;
		};
/* End PBXFrameworksBuildPhase section */

/* Begin PBXGroup section */
		87F48B4A2639EFC300F2F394 = {
			isa = PBXGroup;
			children = (
				87F48B552639EFC300F2F394 /* TestDanger */,
				87F48B682639EFC600F2F394 /* TestDangerTests */,
				87F48B732639EFC600F2F394 /* TestDangerUITests */,
				87F48B542639EFC300F2F394 /* Products */,
			);
			sourceTree = "<group>";
		};
		87F48B542639EFC300F2F394 /* Products */ = {
			isa = PBXGroup;
			children = (
				87F48B532639EFC300F2F394 /* TestDanger.app */,
				87F48B652639EFC600F2F394 /* TestDangerTests.xctest */,
				87F48B702639EFC600F2F394 /* TestDangerUITests.xctest */,
			);
			name = Products;
			sourceTree = "<group>";
		};
		87F48B552639EFC300F2F394 /* TestDanger */ = {
			isa = PBXGroup;
			children = (
				87F48B562639EFC300F2F394 /* AppDelegate.swift */,
				87F48B582639EFC300F2F394 /* ViewController.swift */,
				87F48B5A2639EFC600F2F394 /* Assets.xcassets */,
				87F48B5C2639EFC600F2F394 /* Main.storyboard */,
				87F48B5F2639EFC600F2F394 /* Info.plist */,
				87F48B602639EFC600F2F394 /* TestDanger.entitlements */,
			);
			path = TestDanger;
			sourceTree = "<group>";
		};
		87F48B682639EFC600F2F394 /* TestDangerTests */ = {
			isa = PBXGroup;
			children = (
				87F48B692639EFC600F2F394 /* TestDangerTests.swift */,
				87F48B6B2639EFC600F2F394 /* Info.plist */,
			);
			path = TestDangerTests;
			sourceTree = "<group>";
		};
		87F48B732639EFC600F2F394 /* TestDangerUITests */ = {
			isa = PBXGroup;
			children = (
				87F48B742639EFC600F2F394 /* TestDangerUITests.swift */,
				87F48B762639EFC600F2F394 /* Info.plist */,
			);
			path = TestDangerUITests;
			sourceTree = "<group>";
		};
/* End PBXGroup section */

/* Begin PBXNativeTarget section */
		87F48B522639EFC300F2F394 /* TestDanger */ = {
			isa = PBXNativeTarget;
			buildConfigurationList = 87F48B792639EFC600F2F394 /* Build configuration list for PBXNativeTarget "TestDanger" */;
			buildPhases = (
				87F48B4F2639EFC300F2F394 /* Sources */,
				87F48B502639EFC300F2F394 /* Frameworks */,
				87F48B512639EFC300F2F394 /* Resources */,
			);
			buildRules = (
			);
			dependencies = (
			);
			name = TestDanger;
			productName = TestDanger;
			productReference = 87F48B532639EFC300F2F394 /* TestDanger.app */;
			productType = "com.apple.product-type.application";
		};
		87F48B642639EFC600F2F394 /* TestDangerTests */ = {
			isa = PBXNativeTarget;
			buildConfigurationList = 87F48B7C2639EFC600F2F394 /* Build configuration list for PBXNativeTarget "TestDangerTests" */;
			buildPhases = (
				87F48B612639EFC600F2F394 /* Sources */,
				87F48B622639EFC600F2F394 /* Frameworks */,
				87F48B632639EFC600F2F394 /* Resources */,
			);
			buildRules = (
			);
			dependencies = (
				87F48B672639EFC600F2F394 /* PBXTargetDependency */,
			);
			name = TestDangerTests;
			productName = TestDangerTests;
			productReference = 87F48B652639EFC600F2F394 /* TestDangerTests.xctest */;
			productType = "com.apple.product-type.bundle.unit-test";
		};
		87F48B6F2639EFC600F2F394 /* TestDangerUITests */ = {
			isa = PBXNativeTarget;
			buildConfigurationList = 87F48B7F2639EFC600F2F394 /* Build configuration list for PBXNativeTarget "TestDangerUITests" */;
			buildPhases = (
				87F48B6C2639EFC600F2F394 /* Sources */,
				87F48B6D2639EFC600F2F394 /* Frameworks */,
				87F48B6E2639EFC600F2F394 /* Resources */,
			);
			buildRules = (
			);
			dependencies = (
				87F48B722639EFC600F2F394 /* PBXTargetDependency */,
			);
			name = TestDangerUITests;
			productName = TestDangerUITests;
			productReference = 87F48B702639EFC600F2F394 /* TestDangerUITests.xctest */;
			productType = "com.apple.product-type.bundle.ui-testing";
		};
/* End PBXNativeTarget section */

/* Begin PBXProject section */
		87F48B4B2639EFC300F2F394 /* Project object */ = {
			isa = PBXProject;
			attributes = {
				LastSwiftUpdateCheck = 1230;
				LastUpgradeCheck = 1230;
				TargetAttributes = {
					87F48B522639EFC300F2F394 = {
						CreatedOnToolsVersion = 12.3;
					};
					87F48B642639EFC600F2F394 = {
						CreatedOnToolsVersion = 12.3;
						TestTargetID = 87F48B522639EFC300F2F394;
					};
					87F48B6F2639EFC600F2F394 = {
						CreatedOnToolsVersion = 12.3;
						TestTargetID = 87F48B522639EFC300F2F394;
					};
				};
			};
			buildConfigurationList = 87F48B4E2639EFC300F2F394 /* Build configuration list for PBXProject "TestDanger" */;
			compatibilityVersion = "Xcode 9.3";
			developmentRegion = en;
			hasScannedForEncodings = 0;
			knownRegions = (
				en,
				Base,
			);
			mainGroup = 87F48B4A2639EFC300F2F394;
			productRefGroup = 87F48B542639EFC300F2F394 /* Products */;
			projectDirPath = "";
			projectRoot = "";
			targets = (
				87F48B522639EFC300F2F394 /* TestDanger */,
				87F48B642639EFC600F2F394 /* TestDangerTests */,
				87F48B6F2639EFC600F2F394 /* TestDangerUITests */,
			);
		};
/* End PBXProject section */

/* Begin PBXResourcesBuildPhase section */
		87F48B512639EFC300F2F394 /* Resources */ = {
			isa = PBXResourcesBuildPhase;
			buildActionMask = 2147483647;
			files = (
				87F48B5B2639EFC600F2F394 /* Assets.xcassets in Resources */,
				87F48B5E2639EFC600F2F394 /* Main.storyboard in Resources */,
			);
			runOnlyForDeploymentPostprocessing = 0;
		};
		87F48B632639EFC600F2F394 /* Resources */ = {
			isa = PBXResourcesBuildPhase;
			buildActionMask = 2147483647;
			files = (
			);
			runOnlyForDeploymentPostprocessing = 0;
		};
		87F48B6E2639EFC600F2F394 /* Resources */ = {
			isa = PBXResourcesBuildPhase;
			buildActionMask = 2147483647;
			files = (
			);
			runOnlyForDeploymentPostprocessing = 0;
		};
/* End PBXResourcesBuildPhase section */

/* Begin PBXSourcesBuildPhase section */
		87F48B4F2639EFC300F2F394 /* Sources */ = {
			isa = PBXSourcesBuildPhase;
			buildActionMask = 2147483647;
			files = (
				87F48B592639EFC300F2F394 /* ViewController.swift in Sources */,
				87F48B572639EFC300F2F394 /* AppDelegate.swift in Sources */,
			);
			runOnlyForDeploymentPostprocessing = 0;
		};
		87F48B612639EFC600F2F394 /* Sources */ = {
			isa = PBXSourcesBuildPhase;
			buildActionMask = 2147483647;
			files = (
				87F48B6A2639EFC600F2F394 /* TestDangerTests.swift in Sources */,
			);
			runOnlyForDeploymentPostprocessing = 0;
		};
		87F48B6C2639EFC600F2F394 /* Sources */ = {
			isa = PBXSourcesBuildPhase;
			buildActionMask = 2147483647;
			files = (
				87F48B752639EFC600F2F394 /* TestDangerUITests.swift in Sources */,
			);
			runOnlyForDeploymentPostprocessing = 0;
		};
/* End PBXSourcesBuildPhase section */

/* Begin PBXTargetDependency section */
		87F48B672639EFC600F2F394 /* PBXTargetDependency */ = {
			isa = PBXTargetDependency;
			target = 87F48B522639EFC300F2F394 /* TestDanger */;
			targetProxy = 87F48B662639EFC600F2F394 /* PBXContainerItemProxy */;
		};
		87F48B722639EFC600F2F394 /* PBXTargetDependency */ = {
			isa = PBXTargetDependency;
			target = 87F48B522639EFC300F2F394 /* TestDanger */;
			targetProxy = 87F48B712639EFC600F2F394 /* PBXContainerItemProxy */;
		};
/* End PBXTargetDependency section */

/* Begin PBXVariantGroup section */
		87F48B5C2639EFC600F2F394 /* Main.storyboard */ = {
			isa = PBXVariantGroup;
			children = (
				87F48B5D2639EFC600F2F394 /* Base */,
			);
			name = Main.storyboard;
			sourceTree = "<group>";
		};
/* End PBXVariantGroup section */

/* Begin XCBuildConfiguration section */
		87F48B772639EFC600F2F394 /* Debug */ = {
			isa = XCBuildConfiguration;
			buildSettings = {
				ALWAYS_SEARCH_USER_PATHS = NO;
				CLANG_ANALYZER_NONNULL = YES;
				CLANG_ANALYZER_NUMBER_OBJECT_CONVERSION = YES_AGGRESSIVE;
				CLANG_CXX_LANGUAGE_STANDARD = "gnu++14";
				CLANG_CXX_LIBRARY = "libc++";
				CLANG_ENABLE_MODULES = YES;
				CLANG_ENABLE_OBJC_ARC = YES;
				CLANG_ENABLE_OBJC_WEAK = YES;
				CLANG_WARN_BLOCK_CAPTURE_AUTORELEASING = YES;
				CLANG_WARN_BOOL_CONVERSION = YES;
				CLANG_WARN_COMMA = YES;
				CLANG_WARN_CONSTANT_CONVERSION = YES;
				CLANG_WARN_DEPRECATED_OBJC_IMPLEMENTATIONS = YES;
				CLANG_WARN_DIRECT_OBJC_ISA_USAGE = YES_ERROR;
				CLANG_WARN_DOCUMENTATION_COMMENTS = YES;
				CLANG_WARN_EMPTY_BODY = YES;
				CLANG_WARN_ENUM_CONVERSION = YES;
				CLANG_WARN_INFINITE_RECURSION = YES;
				CLANG_WARN_INT_CONVERSION = YES;
				CLANG_WARN_NON_LITERAL_NULL_CONVERSION = YES;
				CLANG_WARN_OBJC_IMPLICIT_RETAIN_SELF = YES;
				CLANG_WARN_OBJC_LITERAL_CONVERSION = YES;
				CLANG_WARN_OBJC_ROOT_CLASS = YES_ERROR;
				CLANG_WARN_QUOTED_INCLUDE_IN_FRAMEWORK_HEADER = YES;
				CLANG_WARN_RANGE_LOOP_ANALYSIS = YES;
				CLANG_WARN_STRICT_PROTOTYPES = YES;
				CLANG_WARN_SUSPICIOUS_MOVE = YES;
				CLANG_WARN_UNGUARDED_AVAILABILITY = YES_AGGRESSIVE;
				CLANG_WARN_UNREACHABLE_CODE = YES;
				CLANG_WARN__DUPLICATE_METHOD_MATCH = YES;
				COPY_PHASE_STRIP = NO;
				DEBUG_INFORMATION_FORMAT = dwarf;
				ENABLE_STRICT_OBJC_MSGSEND = YES;
				ENABLE_TESTABILITY = YES;
				GCC_C_LANGUAGE_STANDARD = gnu11;
				GCC_DYNAMIC_NO_PIC = NO;
				GCC_NO_COMMON_BLOCKS = YES;
				GCC_OPTIMIZATION_LEVEL = 0;
				GCC_PREPROCESSOR_DEFINITIONS = (
					"DEBUG=1",
					"$(inherited)",
				);
				GCC_WARN_64_TO_32_BIT_CONVERSION = YES;
				GCC_WARN_ABOUT_RETURN_TYPE = YES_ERROR;
				GCC_WARN_UNDECLARED_SELECTOR = YES;
				GCC_WARN_UNINITIALIZED_AUTOS = YES_AGGRESSIVE;
				GCC_WARN_UNUSED_FUNCTION = YES;
				GCC_WARN_UNUSED_VARIABLE = YES;
				MACOSX_DEPLOYMENT_TARGET = 10.15;
				MTL_ENABLE_DEBUG_INFO = INCLUDE_SOURCE;
				MTL_FAST_MATH = YES;
				ONLY_ACTIVE_ARCH = YES;
				SDKROOT = macosx;
				SWIFT_ACTIVE_COMPILATION_CONDITIONS = DEBUG;
				SWIFT_OPTIMIZATION_LEVEL = "-Onone";
			};
			name = Debug;
		};
		87F48B782639EFC600F2F394 /* Release */ = {
			isa = XCBuildConfiguration;
			buildSettings = {
				ALWAYS_SEARCH_USER_PATHS = NO;
				CLANG_ANALYZER_NONNULL = YES;
				CLANG_ANALYZER_NUMBER_OBJECT_CONVERSION = YES_AGGRESSIVE;
				CLANG_CXX_LANGUAGE_STANDARD = "gnu++14";
				CLANG_CXX_LIBRARY = "libc++";
				CLANG_ENABLE_MODULES = YES;
				CLANG_ENABLE_OBJC_ARC = YES;
				CLANG_ENABLE_OBJC_WEAK = YES;
				CLANG_WARN_BLOCK_CAPTURE_AUTORELEASING = YES;
				CLANG_WARN_BOOL_CONVERSION = YES;
				CLANG_WARN_COMMA = YES;
				CLANG_WARN_CONSTANT_CONVERSION = YES;
				CLANG_WARN_DEPRECATED_OBJC_IMPLEMENTATIONS = YES;
				CLANG_WARN_DIRECT_OBJC_ISA_USAGE = YES_ERROR;
				CLANG_WARN_DOCUMENTATION_COMMENTS = YES;
				CLANG_WARN_EMPTY_BODY = YES;
				CLANG_WARN_ENUM_CONVERSION = YES;
				CLANG_WARN_INFINITE_RECURSION = YES;
				CLANG_WARN_INT_CONVERSION = YES;
				CLANG_WARN_NON_LITERAL_NULL_CONVERSION = YES;
				CLANG_WARN_OBJC_IMPLICIT_RETAIN_SELF = YES;
				CLANG_WARN_OBJC_LITERAL_CONVERSION = YES;
				CLANG_WARN_OBJC_ROOT_CLASS = YES_ERROR;
				CLANG_WARN_QUOTED_INCLUDE_IN_FRAMEWORK_HEADER = YES;
				CLANG_WARN_RANGE_LOOP_ANALYSIS = YES;
				CLANG_WARN_STRICT_PROTOTYPES = YES;
				CLANG_WARN_SUSPICIOUS_MOVE = YES;
				CLANG_WARN_UNGUARDED_AVAILABILITY = YES_AGGRESSIVE;
				CLANG_WARN_UNREACHABLE_CODE = YES;
				CLANG_WARN__DUPLICATE_METHOD_MATCH = YES;
				COPY_PHASE_STRIP = NO;
				DEBUG_INFORMATION_FORMAT = "dwarf-with-dsym";
				ENABLE_NS_ASSERTIONS = NO;
				ENABLE_STRICT_OBJC_MSGSEND = YES;
				GCC_C_LANGUAGE_STANDARD = gnu11;
				GCC_NO_COMMON_BLOCKS = YES;
				GCC_WARN_64_TO_32_BIT_CONVERSION = YES;
				GCC_WARN_ABOUT_RETURN_TYPE = YES_ERROR;
				GCC_WARN_UNDECLARED_SELECTOR = YES;
				GCC_WARN_UNINITIALIZED_AUTOS = YES_AGGRESSIVE;
				GCC_WARN_UNUSED_FUNCTION = YES;
				GCC_WARN_UNUSED_VARIABLE = YES;
				MACOSX_DEPLOYMENT_TARGET = 10.15;
				MTL_ENABLE_DEBUG_INFO = NO;
				MTL_FAST_MATH = YES;
				SDKROOT = macosx;
				SWIFT_COMPILATION_MODE = wholemodule;
				SWIFT_OPTIMIZATION_LEVEL = "-O";
			};
			name = Release;
		};
		87F48B7A2639EFC600F2F394 /* Debug */ = {
			isa = XCBuildConfiguration;
			buildSettings = {
				ASSETCATALOG_COMPILER_APPICON_NAME = AppIcon;
				ASSETCATALOG_COMPILER_GLOBAL_ACCENT_COLOR_NAME = AccentColor;
				CODE_SIGN_ENTITLEMENTS = TestDanger/TestDanger.entitlements;
				CODE_SIGN_STYLE = Automatic;
				COMBINE_HIDPI_IMAGES = YES;
				DEVELOPMENT_TEAM = PC8ABW3R5C;
				ENABLE_HARDENED_RUNTIME = YES;
				INFOPLIST_FILE = TestDanger/Info.plist;
				LD_RUNPATH_SEARCH_PATHS = (
					"$(inherited)",
					"@executable_path/../Frameworks",
				);
				PRODUCT_BUNDLE_IDENTIFIER = com.freshly.zeno.TestDanger;
				PRODUCT_NAME = "$(TARGET_NAME)";
				SWIFT_VERSION = 5.0;
			};
			name = Debug;
		};
		87F48B7B2639EFC600F2F394 /* Release */ = {
			isa = XCBuildConfiguration;
			buildSettings = {
				ASSETCATALOG_COMPILER_APPICON_NAME = AppIcon;
				ASSETCATALOG_COMPILER_GLOBAL_ACCENT_COLOR_NAME = AccentColor;
				CODE_SIGN_ENTITLEMENTS = TestDanger/TestDanger.entitlements;
				CODE_SIGN_STYLE = Automatic;
				COMBINE_HIDPI_IMAGES = YES;
				DEVELOPMENT_TEAM = PC8ABW3R5C;
				ENABLE_HARDENED_RUNTIME = YES;
				INFOPLIST_FILE = TestDanger/Info.plist;
				LD_RUNPATH_SEARCH_PATHS = (
					"$(inherited)",
					"@executable_path/../Frameworks",
				);
				PRODUCT_BUNDLE_IDENTIFIER = com.freshly.zeno.TestDanger;
				PRODUCT_NAME = "$(TARGET_NAME)";
				SWIFT_VERSION = 5.0;
			};
			name = Release;
		};
		87F48B7D2639EFC600F2F394 /* Debug */ = {
			isa = XCBuildConfiguration;
			buildSettings = {
				ALWAYS_EMBED_SWIFT_STANDARD_LIBRARIES = YES;
				BUNDLE_LOADER = "$(TEST_HOST)";
				CODE_SIGN_STYLE = Automatic;
				COMBINE_HIDPI_IMAGES = YES;
				DEVELOPMENT_TEAM = PC8ABW3R5C;
				INFOPLIST_FILE = TestDangerTests/Info.plist;
				LD_RUNPATH_SEARCH_PATHS = (
					"$(inherited)",
					"@executable_path/../Frameworks",
					"@loader_path/../Frameworks",
				);
				MACOSX_DEPLOYMENT_TARGET = 10.15;
				PRODUCT_BUNDLE_IDENTIFIER = com.freshly.zeno.TestDangerTests;
				PRODUCT_NAME = "$(TARGET_NAME)";
				SWIFT_VERSION = 5.0;
				TEST_HOST = "$(BUILT_PRODUCTS_DIR)/TestDanger.app/Contents/MacOS/TestDanger";
			};
			name = Debug;
		};
		87F48B7E2639EFC600F2F394 /* Release */ = {
			isa = XCBuildConfiguration;
			buildSettings = {
				ALWAYS_EMBED_SWIFT_STANDARD_LIBRARIES = YES;
				BUNDLE_LOADER = "$(TEST_HOST)";
				CODE_SIGN_STYLE = Automatic;
				COMBINE_HIDPI_IMAGES = YES;
				DEVELOPMENT_TEAM = PC8ABW3R5C;
				INFOPLIST_FILE = TestDangerTests/Info.plist;
				LD_RUNPATH_SEARCH_PATHS = (
					"$(inherited)",
					"@executable_path/../Frameworks",
					"@loader_path/../Frameworks",
				);
				MACOSX_DEPLOYMENT_TARGET = 10.15;
				PRODUCT_BUNDLE_IDENTIFIER = com.freshly.zeno.TestDangerTests;
				PRODUCT_NAME = "$(TARGET_NAME)";
				SWIFT_VERSION = 5.0;
				TEST_HOST = "$(BUILT_PRODUCTS_DIR)/TestDanger.app/Contents/MacOS/TestDanger";
			};
			name = Release;
		};
		87F48B802639EFC600F2F394 /* Debug */ = {
			isa = XCBuildConfiguration;
			buildSettings = {
				ALWAYS_EMBED_SWIFT_STANDARD_LIBRARIES = YES;
				CODE_SIGN_STYLE = Automatic;
				COMBINE_HIDPI_IMAGES = YES;
				DEVELOPMENT_TEAM = PC8ABW3R5C;
				INFOPLIST_FILE = TestDangerUITests/Info.plist;
				LD_RUNPATH_SEARCH_PATHS = (
					"$(inherited)",
					"@executable_path/../Frameworks",
					"@loader_path/../Frameworks",
				);
				PRODUCT_BUNDLE_IDENTIFIER = com.freshly.zeno.TestDangerUITests;
				PRODUCT_NAME = "$(TARGET_NAME)";
				SWIFT_VERSION = 5.0;
				TEST_TARGET_NAME = TestDanger;
			};
			name = Debug;
		};
		87F48B812639EFC600F2F394 /* Release */ = {
			isa = XCBuildConfiguration;
			buildSettings = {
				ALWAYS_EMBED_SWIFT_STANDARD_LIBRARIES = YES;
				CODE_SIGN_STYLE = Automatic;
				COMBINE_HIDPI_IMAGES = YES;
				DEVELOPMENT_TEAM = PC8ABW3R5C;
				INFOPLIST_FILE = TestDangerUITests/Info.plist;
				LD_RUNPATH_SEARCH_PATHS = (
					"$(inherited)",
					"@executable_path/../Frameworks",
					"@loader_path/../Frameworks",
				);
				PRODUCT_BUNDLE_IDENTIFIER = com.freshly.zeno.TestDangerUITests;
				PRODUCT_NAME = "$(TARGET_NAME)";
				SWIFT_VERSION = 5.0;
				TEST_TARGET_NAME = TestDanger;
			};
			name = Release;
		};
/* End XCBuildConfiguration section */

/* Begin XCConfigurationList section */
		87F48B4E2639EFC300F2F394 /* Build configuration list for PBXProject "TestDanger" */ = {
			isa = XCConfigurationList;
			buildConfigurations = (
				87F48B772639EFC600F2F394 /* Debug */,
				87F48B782639EFC600F2F394 /* Release */,
			);
			defaultConfigurationIsVisible = 0;
			defaultConfigurationName = Release;
		};
		87F48B792639EFC600F2F394 /* Build configuration list for PBXNativeTarget "TestDanger" */ = {
			isa = XCConfigurationList;
			buildConfigurations = (
				87F48B7A2639EFC600F2F394 /* Debug */,
				87F48B7B2639EFC600F2F394 /* Release */,
			);
			defaultConfigurationIsVisible = 0;
			defaultConfigurationName = Release;
		};
		87F48B7C2639EFC600F2F394 /* Build configuration list for PBXNativeTarget "TestDangerTests" */ = {
			isa = XCConfigurationList;
			buildConfigurations = (
				87F48B7D2639EFC600F2F394 /* Debug */,
				87F48B7E2639EFC600F2F394 /* Release */,
			);
			defaultConfigurationIsVisible = 0;
			defaultConfigurationName = Release;
		};
		87F48B7F2639EFC600F2F394 /* Build configuration list for PBXNativeTarget "TestDangerUITests" */ = {
			isa = XCConfigurationList;
			buildConfigurations = (
				87F48B802639EFC600F2F394 /* Debug */,
				87F48B812639EFC600F2F394 /* Release */,
			);
			defaultConfigurationIsVisible = 0;
			defaultConfigurationName = Release;
		};
/* End XCConfigurationList section */
	};
	rootObject = 87F48B4B2639EFC300F2F394 /* Project object */;
}
